
Microsoft Visual Studio Solution File, Format Version 12.00
# Visual Studio 14
VisualStudioVersion = 14.0.25420.1
MinimumVisualStudioVersion = 10.0.40219.1
Project("{FAE04EC0-301F-11D3-BF4B-00C04F79EFBC}") = "KashyyykFramework.GenericDbAccess", "KashyyykFramework.GenericDbAccess\KashyyykFramework.GenericDbAccess.csproj", "{830ABA0A-55AE-40E1-8AC0-6F60D5992C97}"
EndProject
Project("{FAE04EC0-301F-11D3-BF4B-00C04F79EFBC}") = "KashyyykFramework.MvcExtensions", "KashyyykFramework.MvcExtensions\KashyyykFramework.MvcExtensions.csproj", "{63276695-1E60-41CD-8420-FED1C897D77E}"
EndProject
Project("{FAE04EC0-301F-11D3-BF4B-00C04F79EFBC}") = "KashyyykFramework.Helpers", "KashyyykFramework.Helpers\KashyyykFramework.Helpers.csproj", "{22932BE5-D95A-48B4-B075-C36DAE06923A}"
EndProject
Project("{FAE04EC0-301F-11D3-BF4B-00C04F79EFBC}") = "KashyyykFramework.Utiliy", "KashyyykFramework.Utiliy\KashyyykFramework.Utiliy.csproj", "{CFA4410A-E601-430E-BAFE-C4EDF263DC02}"
EndProject
Project("{FAE04EC0-301F-11D3-BF4B-00C04F79EFBC}") = "KashyyykFramework.Mobile", "KashyyykFramework.Mobile\KashyyykFramework.Mobile.csproj", "{8C7B0FE1-409E-4578-A5CB-F61074204632}"
EndProject
Project("{FAE04EC0-301F-11D3-BF4B-00C04F79EFBC}") = "KashyyykFramework.Core", "KashyyykFramework.Core\KashyyykFramework.Core.csproj", "{49F9AB61-45A6-493F-9D3B-485F9FB67449}"
EndProject
Global
	GlobalSection(SolutionConfigurationPlatforms) = preSolution
		Debug|Any CPU = Debug|Any CPU
		Release|Any CPU = Release|Any CPU
	EndGlobalSection
	GlobalSection(ProjectConfigurationPlatforms) = postSolution
		{830ABA0A-55AE-40E1-8AC0-6F60D5992C97}.Debug|Any CPU.ActiveCfg = Debug|Any CPU
		{830ABA0A-55AE-40E1-8AC0-6F60D5992C97}.Debug|Any CPU.Build.0 = Debug|Any CPU
		{830ABA0A-55AE-40E1-8AC0-6F60D5992C97}.Release|Any CPU.ActiveCfg = Release|Any CPU
		{830ABA0A-55AE-40E1-8AC0-6F60D5992C97}.Release|Any CPU.Build.0 = Release|Any CPU
		{63276695-1E60-41CD-8420-FED1C897D77E}.Debug|Any CPU.ActiveCfg = Debug|Any CPU
		{63276695-1E60-41CD-8420-FED1C897D77E}.Debug|Any CPU.Build.0 = Debug|Any CPU
		{63276695-1E60-41CD-8420-FED1C897D77E}.Release|Any CPU.ActiveCfg = Release|Any CPU
		{63276695-1E60-41CD-8420-FED1C897D77E}.Release|Any CPU.Build.0 = Release|Any CPU
		{22932BE5-D95A-48B4-B075-C36DAE06923A}.Debug|Any CPU.ActiveCfg = Debug|Any CPU
		{22932BE5-D95A-48B4-B075-C36DAE06923A}.Debug|Any CPU.Build.0 = Debug|Any CPU
		{22932BE5-D95A-48B4-B075-C36DAE06923A}.Release|Any CPU.ActiveCfg = Release|Any CPU
		{22932BE5-D95A-48B4-B075-C36DAE06923A}.Release|Any CPU.Build.0 = Release|Any CPU
		{CFA4410A-E601-430E-BAFE-C4EDF263DC02}.Debug|Any CPU.ActiveCfg = Debug|Any CPU
		{CFA4410A-E601-430E-BAFE-C4EDF263DC02}.Debug|Any CPU.Build.0 = Debug|Any CPU
		{CFA4410A-E601-430E-BAFE-C4EDF263DC02}.Release|Any CPU.ActiveCfg = Release|Any CPU
		{CFA4410A-E601-430E-BAFE-C4EDF263DC02}.Release|Any CPU.Build.0 = Release|Any CPU
		{8C7B0FE1-409E-4578-A5CB-F61074204632}.Debug|Any CPU.ActiveCfg = Debug|Any CPU
		{8C7B0FE1-409E-4578-A5CB-F61074204632}.Debug|Any CPU.Build.0 = Debug|Any CPU
		{8C7B0FE1-409E-4578-A5CB-F61074204632}.Release|Any CPU.ActiveCfg = Release|Any CPU
		{8C7B0FE1-409E-4578-A5CB-F61074204632}.Release|Any CPU.Build.0 = Release|Any CPU
		{49F9AB61-45A6-493F-9D3B-485F9FB67449}.Debug|Any CPU.ActiveCfg = Debug|Any CPU
		{49F9AB61-45A6-493F-9D3B-485F9FB67449}.Debug|Any CPU.Build.0 = Debug|Any CPU
		{49F9AB61-45A6-493F-9D3B-485F9FB67449}.Release|Any CPU.ActiveCfg = Release|Any CPU
		{49F9AB61-45A6-493F-9D3B-485F9FB67449}.Release|Any CPU.Build.0 = Release|Any CPU
	EndGlobalSection
	GlobalSection(SolutionProperties) = preSolution
		HideSolutionNode = FALSE
	EndGlobalSection
EndGlobal
